
Microsoft Visual Studio Solution File, Format Version 12.00
# Visual Studio Version 16
VisualStudioVersion = 16.0.31624.102
MinimumVisualStudioVersion = 10.0.40219.1
Project("{FAE04EC0-301F-11D3-BF4B-00C04F79EFBC}") = "Tutorial", "Tutorial\Tutorial.csproj", "{88BE61D3-3EAA-4F35-ACB0-25E8A43D52CE}"
EndProject
Global
	GlobalSection(SolutionConfigurationPlatforms) = preSolution
		Debug|Any CPU = Debug|Any CPU
		Release|Any CPU = Release|Any CPU
	EndGlobalSection
	GlobalSection(ProjectConfigurationPlatforms) = postSolution
		{88BE61D3-3EAA-4F35-ACB0-25E8A43D52CE}.Debug|Any CPU.ActiveCfg = Debug|Any CPU
		{88BE61D3-3EAA-4F35-ACB0-25E8A43D52CE}.Debug|Any CPU.Build.0 = Debug|Any CPU
		{88BE61D3-3EAA-4F35-ACB0-25E8A43D52CE}.Release|Any CPU.ActiveCfg = Release|Any CPU
		{88BE61D3-3EAA-4F35-ACB0-25E8A43D52CE}.Release|Any CPU.Build.0 = Release|Any CPU
	EndGlobalSection
	GlobalSection(SolutionProperties) = preSolution
		HideSolutionNode = FALSE
	EndGlobalSection
	GlobalSection(ExtensibilityGlobals) = postSolution
		SolutionGuid = {008E7D88-151F-4F95-9EF3-33C7CB4C050E}
	EndGlobalSection
EndGlobal
